
Microsoft Visual Studio Solution File, Format Version 12.00
# Visual Studio 15
VisualStudioVersion = 15.0.28307.489
MinimumVisualStudioVersion = 10.0.40219.1
Project("{FAE04EC0-301F-11D3-BF4B-00C04F79EFBC}") = "RealmLib", "RealmLib\RealmLib.csproj", "{CFB71FE6-A729-4117-ABEB-049997985E56}"
EndProject
Project("{FAE04EC0-301F-11D3-BF4B-00C04F79EFBC}") = "RealmLibTests", "RealmLibTests\RealmLibTests.csproj", "{F7FBA76C-AE1C-4E8D-B1EA-0168D5AAB81E}"
EndProject
Global
	GlobalSection(SolutionConfigurationPlatforms) = preSolution
		Debug|Any CPU = Debug|Any CPU
		Release|Any CPU = Release|Any CPU
	EndGlobalSection
	GlobalSection(ProjectConfigurationPlatforms) = postSolution
		{CFB71FE6-A729-4117-ABEB-049997985E56}.Debug|Any CPU.ActiveCfg = Debug|Any CPU
		{CFB71FE6-A729-4117-ABEB-049997985E56}.Debug|Any CPU.Build.0 = Debug|Any CPU
		{CFB71FE6-A729-4117-ABEB-049997985E56}.Release|Any CPU.ActiveCfg = Release|Any CPU
		{CFB71FE6-A729-4117-ABEB-049997985E56}.Release|Any CPU.Build.0 = Release|Any CPU
		{F7FBA76C-AE1C-4E8D-B1EA-0168D5AAB81E}.Debug|Any CPU.ActiveCfg = Debug|Any CPU
		{F7FBA76C-AE1C-4E8D-B1EA-0168D5AAB81E}.Debug|Any CPU.Build.0 = Debug|Any CPU
		{F7FBA76C-AE1C-4E8D-B1EA-0168D5AAB81E}.Release|Any CPU.ActiveCfg = Release|Any CPU
		{F7FBA76C-AE1C-4E8D-B1EA-0168D5AAB81E}.Release|Any CPU.Build.0 = Release|Any CPU
	EndGlobalSection
	GlobalSection(SolutionProperties) = preSolution
		HideSolutionNode = FALSE
	EndGlobalSection
	GlobalSection(ExtensibilityGlobals) = postSolution
		SolutionGuid = {734EBD5C-34E0-440C-AA03-B48C89CA058C}
	EndGlobalSection
EndGlobal
